Microsoft Visual Studio Solution File, Format Version 12.00
# Visual Studio 15
VisualStudioVersion = 15.0.27004.2006
MinimumVisualStudioVersion = 15.0.26124.0
Project("{9A19103F-16F7-4668-BE54-9A1E7A4F7556}") = "client", "client\client.csproj", "{C50D9C5E-9E45-4D81-86FF-29632BBA1889}"
EndProject
Project("{9A19103F-16F7-4668-BE54-9A1E7A4F7556}") = "server", "server\server.csproj", "{45AFD9F7-3DED-4CEE-9B0C-6DF336D0367B}"
EndProject
Project("{9A19103F-16F7-4668-BE54-9A1E7A4F7556}") = "shared", "shared\shared.csproj", "{014AA6C8-3A03-4480-8C1A-66110E8EBD55}"
EndProject
Global
	GlobalSection(SolutionConfigurationPlatforms) = preSolution
		Debug|Any CPU = Debug|Any CPU
		Debug|x64 = Debug|x64
		Debug|x86 = Debug|x86
		Release|Any CPU = Release|Any CPU
		Release|x64 = Release|x64
		Release|x86 = Release|x86
	EndGlobalSection
	GlobalSection(ProjectConfigurationPlatforms) = postSolution
		{C50D9C5E-9E45-4D81-86FF-29632BBA1889}.Debug|Any CPU.ActiveCfg = Debug|Any CPU
		{C50D9C5E-9E45-4D81-86FF-29632BBA1889}.Debug|Any CPU.Build.0 = Debug|Any CPU
		{C50D9C5E-9E45-4D81-86FF-29632BBA1889}.Debug|x64.ActiveCfg = Debug|Any CPU
		{C50D9C5E-9E45-4D81-86FF-29632BBA1889}.Debug|x64.Build.0 = Debug|Any CPU
		{C50D9C5E-9E45-4D81-86FF-29632BBA1889}.Debug|x86.ActiveCfg = Debug|Any CPU
		{C50D9C5E-9E45-4D81-86FF-29632BBA1889}.Debug|x86.Build.0 = Debug|Any CPU
		{C50D9C5E-9E45-4D81-86FF-29632BBA1889}.Release|Any CPU.ActiveCfg = Release|Any CPU
		{C50D9C5E-9E45-4D81-86FF-29632BBA1889}.Release|Any CPU.Build.0 = Release|Any CPU
		{C50D9C5E-9E45-4D81-86FF-29632BBA1889}.Release|x64.ActiveCfg = Release|Any CPU
		{C50D9C5E-9E45-4D81-86FF-29632BBA1889}.Release|x64.Build.0 = Release|Any CPU
		{C50D9C5E-9E45-4D81-86FF-29632BBA1889}.Release|x86.ActiveCfg = Release|Any CPU
		{C50D9C5E-9E45-4D81-86FF-29632BBA1889}.Release|x86.Build.0 = Release|Any CPU
		{45AFD9F7-3DED-4CEE-9B0C-6DF336D0367B}.Debug|Any CPU.ActiveCfg = Debug|Any CPU
		{45AFD9F7-3DED-4CEE-9B0C-6DF336D0367B}.Debug|Any CPU.Build.0 = Debug|Any CPU
		{45AFD9F7-3DED-4CEE-9B0C-6DF336D0367B}.Debug|x64.ActiveCfg = Debug|Any CPU
		{45AFD9F7-3DED-4CEE-9B0C-6DF336D0367B}.Debug|x64.Build.0 = Debug|Any CPU
		{45AFD9F7-3DED-4CEE-9B0C-6DF336D0367B}.Debug|x86.ActiveCfg = Debug|Any CPU
		{45AFD9F7-3DED-4CEE-9B0C-6DF336D0367B}.Debug|x86.Build.0 = Debug|Any CPU
		{45AFD9F7-3DED-4CEE-9B0C-6DF336D0367B}.Release|Any CPU.ActiveCfg = Release|Any CPU
		{45AFD9F7-3DED-4CEE-9B0C-6DF336D0367B}.Release|Any CPU.Build.0 = Release|Any CPU
		{45AFD9F7-3DED-4CEE-9B0C-6DF336D0367B}.Release|x64.ActiveCfg = Release|Any CPU
		{45AFD9F7-3DED-4CEE-9B0C-6DF336D0367B}.Release|x64.Build.0 = Release|Any CPU
		{45AFD9F7-3DED-4CEE-9B0C-6DF336D0367B}.Release|x86.ActiveCfg = Release|Any CPU
		{45AFD9F7-3DED-4CEE-9B0C-6DF336D0367B}.Release|x86.Build.0 = Release|Any CPU
		{014AA6C8-3A03-4480-8C1A-66110E8EBD55}.Debug|Any CPU.ActiveCfg = Debug|Any CPU
		{014AA6C8-3A03-4480-8C1A-66110E8EBD55}.Debug|Any CPU.Build.0 = Debug|Any CPU
		{014AA6C8-3A03-4480-8C1A-66110E8EBD55}.Debug|x64.ActiveCfg = Debug|Any CPU
		{014AA6C8-3A03-4480-8C1A-66110E8EBD55}.Debug|x64.Build.0 = Debug|Any CPU
		{014AA6C8-3A03-4480-8C1A-66110E8EBD55}.Debug|x86.ActiveCfg = Debug|Any CPU
		{014AA6C8-3A03-4480-8C1A-66110E8EBD55}.Debug|x86.Build.0 = Debug|Any CPU
		{014AA6C8-3A03-4480-8C1A-66110E8EBD55}.Release|Any CPU.ActiveCfg = Release|Any CPU
		{014AA6C8-3A03-4480-8C1A-66110E8EBD55}.Release|Any CPU.Build.0 = Release|Any CPU
		{014AA6C8-3A03-4480-8C1A-66110E8EBD55}.Release|x64.ActiveCfg = Release|Any CPU
		{014AA6C8-3A03-4480-8C1A-66110E8EBD55}.Release|x64.Build.0 = Release|Any CPU
		{014AA6C8-3A03-4480-8C1A-66110E8EBD55}.Release|x86.ActiveCfg = Release|Any CPU
		{014AA6C8-3A03-4480-8C1A-66110E8EBD55}.Release|x86.Build.0 = Release|Any CPU
	EndGlobalSection
	GlobalSection(SolutionProperties) = preSolution
		HideSolutionNode = FALSE
	EndGlobalSection
	GlobalSection(ExtensibilityGlobals) = postSolution
		SolutionGuid = {9C0FFC7F-8DB2-422B-A9DF-0B8F4A96ADD7}
	EndGlobalSection
EndGlobal
